<?xml version="1.0" encoding="utf-8"?>
<Project ToolsVersion="4.0" xmlns="http://schemas.microsoft.com/developer/msbuild/2003">
  <ItemGroup>
    <Filter Include="Source Files">
      <UniqueIdentifier>{4FC737F1-C7A5-4376-A066-2A32D752A2FF}</UniqueIdentifier>
      <Extensions>cpp;c;cc;cxx;def;odl;idl;hpj;bat;asm;asmx</Extensions>
    </Filter>
    <Filter Include="Header Files">
      <UniqueIdentifier>{93995380-89BD-4b04-88EB-625FBE52EBFB}</UniqueIdentifier>
      <Extensions>h;hpp;hxx;hm;inl;inc;xsd</Extensions>
    </Filter>
    <Filter Include="Resource Files">
      <UniqueIdentifier>{67DA6AB6-F800-4c08-8B7A-83BB121AAD01}</UniqueIdentifier>
      <Extensions>rc;ico;cur;bmp;dlg;rc2;rct;bin;rgs;gif;jpg;jpeg;jpe;resx;tiff;tif;png;wav;mfcribbon-ms</Extensions>
    </Filter>
  </ItemGroup>
  <ItemGroup>
    <None Include="ReadMe.txt" />
  </ItemGroup>
  <ItemGroup>
    <ClInclude Include="stdafx.h">
      <Filter>Header Files</Filter>
    </ClInclude>
    <ClInclude Include="targetver.h">
      <Filter>Header Files</Filter>
    </ClInclude>
    <ClInclude Include="VDetector.h">
      <Filter>Header Files</Filter>
    </ClInclude>
    <ClInclude Include="VDetectorVectorMachine.h">
      <Filter>Header Files</Filter>
    </ClInclude>
    <ClInclude Include="DetectorSVM.h">
      <Filter>Header Files</Filter>
    </ClInclude>
    <ClInclude Include="FdImage.h">
      <Filter>Header Files</Filter>
    </ClInclude>
    <ClInclude Include="FdPatch.h">
      <Filter>Header Files</Filter>
    </ClInclude>
    <ClInclude Include="FdPoint.h">
      <Filter>Header Files</Filter>
    </ClInclude>
    <ClInclude Include="Pyramid.h">
      <Filter>Header Files</Filter>
    </ClInclude>
    <ClInclude Include="utility.h">
      <Filter>Header Files</Filter>
    </ClInclude>
    <ClInclude Include="MatlabReader.h">
      <Filter>Header Files</Filter>
    </ClInclude>
    <ClInclude Include="StdImage.h">
      <Filter>Header Files</Filter>
    </ClInclude>
    <ClInclude Include="Rect.h">
      <Filter>Header Files</Filter>
    </ClInclude>
    <ClInclude Include="DetectorWVM.h">
      <Filter>Header Files</Filter>
    </ClInclude>
    <ClInclude Include="IImg.h">
      <Filter>Header Files</Filter>
    </ClInclude>
    <ClInclude Include="CascadeWvmSvm.h">
      <Filter>Header Files</Filter>
    </ClInclude>
    <ClInclude Include="RegressorSVR.h">
      <Filter>Header Files</Filter>
    </ClInclude>
    <ClInclude Include="CascadeERT.h">
      <Filter>Header Files</Filter>
    </ClInclude>
    <ClInclude Include="RegressorWVR.h">
      <Filter>Header Files</Filter>
    </ClInclude>
    <ClInclude Include="SLogger.h">
      <Filter>Header Files</Filter>
    </ClInclude>
    <ClInclude Include="CascadeWvmOeSvmOe.h">
      <Filter>Header Files</Filter>
    </ClInclude>
    <ClInclude Include="OverlapElimination.h">
      <Filter>Header Files</Filter>
    </ClInclude>
    <ClInclude Include="CascadeFacialFeaturePoints.h">
      <Filter>Header Files</Filter>
    </ClInclude>
    <ClInclude Include="CascadeFacialFeaturePointsSimple.h">
      <Filter>Header Files</Filter>
    </ClInclude>
    <ClInclude Include="CircleDetector.h">
      <Filter>Header Files</Filter>
    </ClInclude>
    <ClInclude Include="SkinDetector.h">
      <Filter>Header Files</Filter>
    </ClInclude>
    <ClInclude Include="VCascade.h">
      <Filter>Header Files</Filter>
    </ClInclude>
  </ItemGroup>
  <ItemGroup>
    <ClCompile Include="stdafx.cpp">
      <Filter>Source Files</Filter>
    </ClCompile>
    <ClCompile Include="VDetector.cpp">
      <Filter>Source Files</Filter>
    </ClCompile>
    <ClCompile Include="VDetectorVectorMachine.cpp">
      <Filter>Source Files</Filter>
    </ClCompile>
    <ClCompile Include="DetectorSVM.cpp">
      <Filter>Source Files</Filter>
    </ClCompile>
    <ClCompile Include="FdImage.cpp">
      <Filter>Source Files</Filter>
    </ClCompile>
    <ClCompile Include="FdPatch.cpp">
      <Filter>Source Files</Filter>
    </ClCompile>
    <ClCompile Include="FdPoint.cpp">
      <Filter>Source Files</Filter>
    </ClCompile>
    <ClCompile Include="Pyramid.cpp">
      <Filter>Source Files</Filter>
    </ClCompile>
    <ClCompile Include="MatlabReader.cpp">
      <Filter>Source Files</Filter>
    </ClCompile>
    <ClCompile Include="StdImage.cpp">
      <Filter>Source Files</Filter>
    </ClCompile>
    <ClCompile Include="Rect.cpp">
      <Filter>Source Files</Filter>
    </ClCompile>
    <ClCompile Include="DetectorWVM.cpp">
      <Filter>Source Files</Filter>
    </ClCompile>
    <ClCompile Include="IImg.cpp">
      <Filter>Source Files</Filter>
    </ClCompile>
    <ClCompile Include="CascadeWvmSvm.cpp">
      <Filter>Source Files</Filter>
    </ClCompile>
    <ClCompile Include="RegressorSVR.cpp">
      <Filter>Source Files</Filter>
    </ClCompile>
    <ClCompile Include="CascadeERT.cpp">
      <Filter>Source Files</Filter>
    </ClCompile>
    <ClCompile Include="RegressorWVR.cpp">
      <Filter>Source Files</Filter>
    </ClCompile>
    <ClCompile Include="SLogger.cpp">
      <Filter>Source Files</Filter>
    </ClCompile>
    <ClCompile Include="CascadeWvmOeSvmOe.cpp">
      <Filter>Source Files</Filter>
    </ClCompile>
    <ClCompile Include="OverlapElimination.cpp">
      <Filter>Source Files</Filter>
    </ClCompile>
    <ClCompile Include="CascadeFacialFeaturePoints.cpp">
      <Filter>Source Files</Filter>
    </ClCompile>
    <ClCompile Include="CascadeFacialFeaturePointsSimple.cpp">
      <Filter>Source Files</Filter>
    </ClCompile>
    <ClCompile Include="CircleDetector.cpp">
      <Filter>Source Files</Filter>
    </ClCompile>
    <ClCompile Include="SkinDetector.cpp">
      <Filter>Source Files</Filter>
    </ClCompile>
    <ClCompile Include="VCascade.cpp">
      <Filter>Source Files</Filter>
    </ClCompile>
  </ItemGroup>
</Project>