
Microsoft Visual Studio Solution File, Format Version 11.00
# Visual Studio 2010
Project("{8BC9CEB8-8B4A-11D0-8D11-00A0C91BC942}") = "libFeatureDetection", "libFeatureDetection\libFeatureDetection.vcxproj", "{F9426E11-EDF2-4C05-99C4-A5182316974B}"
EndProject
Project("{8BC9CEB8-8B4A-11D0-8D11-00A0C91BC942}") = "ffpDetectApp", "ffpDetectApp\ffpDetectApp.vcxproj", "{334F9CEB-BBD5-4125-A547-719412DCB552}"
EndProject
Project("{2150E333-8FDC-42A3-9474-1A3956D46DE8}") = "Solution Items", "Solution Items", "{E5FDB461-C46E-421A-9506-5090C6AB0D3A}"
EndProject
Project("{8BC9CEB8-8B4A-11D0-8D11-00A0C91BC942}") = "patchDetectApp", "patchDetectApp\patchDetectApp.vcxproj", "{1397DFE4-495C-44CB-AA49-97EC80E65622}"
EndProject
Project("{8BC9CEB8-8B4A-11D0-8D11-00A0C91BC942}") = "ffpDetectAppERT", "ffpDetectAppERT\ffpDetectAppERT.vcxproj", "{2E61799D-C408-428C-8473-0201E3790A83}"
EndProject
Project("{8BC9CEB8-8B4A-11D0-8D11-00A0C91BC942}") = "trackerApp", "trackerApp\trackerApp.vcxproj", "{D2617077-A861-47C0-A297-811445851D95}"
EndProject
Project("{8BC9CEB8-8B4A-11D0-8D11-00A0C91BC942}") = "condensationTrackerApp", "condensationTrackerApp\condensationTrackerApp.vcxproj", "{AFA04EC7-9519-4CE2-ACE4-99F52D7250F5}"
EndProject
Global
	GlobalSection(SolutionConfigurationPlatforms) = preSolution
		Debug|Win32 = Debug|Win32
		Release|Win32 = Release|Win32
	EndGlobalSection
	GlobalSection(ProjectConfigurationPlatforms) = postSolution
		{F9426E11-EDF2-4C05-99C4-A5182316974B}.Debug|Win32.ActiveCfg = Debug|Win32
		{F9426E11-EDF2-4C05-99C4-A5182316974B}.Debug|Win32.Build.0 = Debug|Win32
		{F9426E11-EDF2-4C05-99C4-A5182316974B}.Release|Win32.ActiveCfg = Release|Win32
		{F9426E11-EDF2-4C05-99C4-A5182316974B}.Release|Win32.Build.0 = Release|Win32
		{334F9CEB-BBD5-4125-A547-719412DCB552}.Debug|Win32.ActiveCfg = Debug|Win32
		{334F9CEB-BBD5-4125-A547-719412DCB552}.Debug|Win32.Build.0 = Debug|Win32
		{334F9CEB-BBD5-4125-A547-719412DCB552}.Release|Win32.ActiveCfg = Release|Win32
		{334F9CEB-BBD5-4125-A547-719412DCB552}.Release|Win32.Build.0 = Release|Win32
		{1397DFE4-495C-44CB-AA49-97EC80E65622}.Debug|Win32.ActiveCfg = Debug|Win32
		{1397DFE4-495C-44CB-AA49-97EC80E65622}.Debug|Win32.Build.0 = Debug|Win32
		{1397DFE4-495C-44CB-AA49-97EC80E65622}.Release|Win32.ActiveCfg = Release|Win32
		{1397DFE4-495C-44CB-AA49-97EC80E65622}.Release|Win32.Build.0 = Release|Win32
		{2E61799D-C408-428C-8473-0201E3790A83}.Debug|Win32.ActiveCfg = Debug|Win32
		{2E61799D-C408-428C-8473-0201E3790A83}.Debug|Win32.Build.0 = Debug|Win32
		{2E61799D-C408-428C-8473-0201E3790A83}.Release|Win32.ActiveCfg = Release|Win32
		{2E61799D-C408-428C-8473-0201E3790A83}.Release|Win32.Build.0 = Release|Win32
		{D2617077-A861-47C0-A297-811445851D95}.Debug|Win32.ActiveCfg = Debug|Win32
		{D2617077-A861-47C0-A297-811445851D95}.Debug|Win32.Build.0 = Debug|Win32
		{D2617077-A861-47C0-A297-811445851D95}.Release|Win32.ActiveCfg = Release|Win32
		{D2617077-A861-47C0-A297-811445851D95}.Release|Win32.Build.0 = Release|Win32
		{AFA04EC7-9519-4CE2-ACE4-99F52D7250F5}.Debug|Win32.ActiveCfg = Debug|Win32
		{AFA04EC7-9519-4CE2-ACE4-99F52D7250F5}.Debug|Win32.Build.0 = Debug|Win32
		{AFA04EC7-9519-4CE2-ACE4-99F52D7250F5}.Release|Win32.ActiveCfg = Release|Win32
		{AFA04EC7-9519-4CE2-ACE4-99F52D7250F5}.Release|Win32.Build.0 = Release|Win32
	EndGlobalSection
	GlobalSection(SolutionProperties) = preSolution
		HideSolutionNode = FALSE
	EndGlobalSection
EndGlobal
